
Microsoft Visual Studio Solution File, Format Version 12.00
# Visual Studio Version 16
VisualStudioVersion = 16.0.29123.89
MinimumVisualStudioVersion = 10.0.40219.1
Project("{9A19103F-16F7-4668-BE54-9A1E7A4F7556}") = "MediaLibrary.Internet.Web", "MediaLibrary.Internet.Web\MediaLibrary.Internet.Web.csproj", "{68E2AA69-6C44-4556-B4D0-96AC74277537}"
EndProject
Project("{FAE04EC0-301F-11D3-BF4B-00C04F79EFBC}") = "MediaLibrary.Internet.Tests", "MediaLibrary.Internet.Tests\MediaLibrary.Internet.Tests.csproj", "{9A1C9A20-B13A-4D8E-8BAC-B132563B11E4}"
EndProject
Global
	GlobalSection(SolutionConfigurationPlatforms) = preSolution
		Debug|Any CPU = Debug|Any CPU
		Release|Any CPU = Release|Any CPU
	EndGlobalSection
	GlobalSection(ProjectConfigurationPlatforms) = postSolution
		{68E2AA69-6C44-4556-B4D0-96AC74277537}.Debug|Any CPU.ActiveCfg = Debug|Any CPU
		{68E2AA69-6C44-4556-B4D0-96AC74277537}.Debug|Any CPU.Build.0 = Debug|Any CPU
		{68E2AA69-6C44-4556-B4D0-96AC74277537}.Release|Any CPU.ActiveCfg = Release|Any CPU
		{68E2AA69-6C44-4556-B4D0-96AC74277537}.Release|Any CPU.Build.0 = Release|Any CPU
		{9A1C9A20-B13A-4D8E-8BAC-B132563B11E4}.Debug|Any CPU.ActiveCfg = Debug|Any CPU
		{9A1C9A20-B13A-4D8E-8BAC-B132563B11E4}.Debug|Any CPU.Build.0 = Debug|Any CPU
		{9A1C9A20-B13A-4D8E-8BAC-B132563B11E4}.Release|Any CPU.ActiveCfg = Release|Any CPU
		{9A1C9A20-B13A-4D8E-8BAC-B132563B11E4}.Release|Any CPU.Build.0 = Release|Any CPU
	EndGlobalSection
	GlobalSection(SolutionProperties) = preSolution
		HideSolutionNode = FALSE
	EndGlobalSection
	GlobalSection(ExtensibilityGlobals) = postSolution
		SolutionGuid = {4FC144FA-5678-428C-B5B7-E2A88ADE849D}
	EndGlobalSection
EndGlobal
